
Microsoft Visual Studio Solution File, Format Version 12.00
# Visual Studio Version 16
VisualStudioVersion = 16.0.29806.167
MinimumVisualStudioVersion = 10.0.40219.1
Project("{FAE04EC0-301F-11D3-BF4B-00C04F79EFBC}") = "TrikiXamarin.UWP", "TrikiXamarin\TrikiXamarin.UWP\TrikiXamarin.UWP.csproj", "{882CB635-1692-4D8D-94B4-CF89B2645878}"
EndProject
Project("{FAE04EC0-301F-11D3-BF4B-00C04F79EFBC}") = "TrikiXamarin.Android", "TrikiXamarin\TrikiXamarin.Android\TrikiXamarin.Android.csproj", "{4CC8AFEB-31FB-4BD3-BD7A-9B4553539838}"
EndProject
Project("{FAE04EC0-301F-11D3-BF4B-00C04F79EFBC}") = "TrikiXamarin.iOS", "TrikiXamarin\TrikiXamarin.iOS\TrikiXamarin.iOS.csproj", "{D95FE748-6B0D-4E91-9398-0F7676D04E2B}"
EndProject
Project("{9A19103F-16F7-4668-BE54-9A1E7A4F7556}") = "TrikiXamarin", "TrikiXamarin\TrikiXamarin\TrikiXamarin.csproj", "{3BF30778-C6EC-46B5-93F5-7807FB3D1A8B}"
EndProject
Global
	GlobalSection(SolutionConfigurationPlatforms) = preSolution
		Debug|Any CPU = Debug|Any CPU
		Debug|ARM = Debug|ARM
		Debug|iPhone = Debug|iPhone
		Debug|iPhoneSimulator = Debug|iPhoneSimulator
		Debug|x64 = Debug|x64
		Debug|x86 = Debug|x86
		Release|Any CPU = Release|Any CPU
		Release|ARM = Release|ARM
		Release|iPhone = Release|iPhone
		Release|iPhoneSimulator = Release|iPhoneSimulator
		Release|x64 = Release|x64
		Release|x86 = Release|x86
	EndGlobalSection
	GlobalSection(ProjectConfigurationPlatforms) = postSolution
		{882CB635-1692-4D8D-94B4-CF89B2645878}.Debug|Any CPU.ActiveCfg = Debug|x86
		{882CB635-1692-4D8D-94B4-CF89B2645878}.Debug|Any CPU.Build.0 = Debug|x86
		{882CB635-1692-4D8D-94B4-CF89B2645878}.Debug|Any CPU.Deploy.0 = Debug|x86
		{882CB635-1692-4D8D-94B4-CF89B2645878}.Debug|ARM.ActiveCfg = Debug|ARM
		{882CB635-1692-4D8D-94B4-CF89B2645878}.Debug|ARM.Build.0 = Debug|ARM
		{882CB635-1692-4D8D-94B4-CF89B2645878}.Debug|ARM.Deploy.0 = Debug|ARM
		{882CB635-1692-4D8D-94B4-CF89B2645878}.Debug|iPhone.ActiveCfg = Debug|x86
		{882CB635-1692-4D8D-94B4-CF89B2645878}.Debug|iPhone.Build.0 = Debug|x86
		{882CB635-1692-4D8D-94B4-CF89B2645878}.Debug|iPhone.Deploy.0 = Debug|x86
		{882CB635-1692-4D8D-94B4-CF89B2645878}.Debug|iPhoneSimulator.ActiveCfg = Debug|x86
		{882CB635-1692-4D8D-94B4-CF89B2645878}.Debug|iPhoneSimulator.Build.0 = Debug|x86
		{882CB635-1692-4D8D-94B4-CF89B2645878}.Debug|iPhoneSimulator.Deploy.0 = Debug|x86
		{882CB635-1692-4D8D-94B4-CF89B2645878}.Debug|x64.ActiveCfg = Debug|x64
		{882CB635-1692-4D8D-94B4-CF89B2645878}.Debug|x64.Build.0 = Debug|x64
		{882CB635-1692-4D8D-94B4-CF89B2645878}.Debug|x64.Deploy.0 = Debug|x64
		{882CB635-1692-4D8D-94B4-CF89B2645878}.Debug|x86.ActiveCfg = Debug|x86
		{882CB635-1692-4D8D-94B4-CF89B2645878}.Debug|x86.Build.0 = Debug|x86
		{882CB635-1692-4D8D-94B4-CF89B2645878}.Debug|x86.Deploy.0 = Debug|x86
		{882CB635-1692-4D8D-94B4-CF89B2645878}.Release|Any CPU.ActiveCfg = Release|x86
		{882CB635-1692-4D8D-94B4-CF89B2645878}.Release|Any CPU.Build.0 = Release|x86
		{882CB635-1692-4D8D-94B4-CF89B2645878}.Release|Any CPU.Deploy.0 = Release|x86
		{882CB635-1692-4D8D-94B4-CF89B2645878}.Release|ARM.ActiveCfg = Release|ARM
		{882CB635-1692-4D8D-94B4-CF89B2645878}.Release|ARM.Build.0 = Release|ARM
		{882CB635-1692-4D8D-94B4-CF89B2645878}.Release|ARM.Deploy.0 = Release|ARM
		{882CB635-1692-4D8D-94B4-CF89B2645878}.Release|iPhone.ActiveCfg = Release|x86
		{882CB635-1692-4D8D-94B4-CF89B2645878}.Release|iPhone.Build.0 = Release|x86
		{882CB635-1692-4D8D-94B4-CF89B2645878}.Release|iPhone.Deploy.0 = Release|x86
		{882CB635-1692-4D8D-94B4-CF89B2645878}.Release|iPhoneSimulator.ActiveCfg = Release|x86
		{882CB635-1692-4D8D-94B4-CF89B2645878}.Release|iPhoneSimulator.Build.0 = Release|x86
		{882CB635-1692-4D8D-94B4-CF89B2645878}.Release|iPhoneSimulator.Deploy.0 = Release|x86
		{882CB635-1692-4D8D-94B4-CF89B2645878}.Release|x64.ActiveCfg = Release|x64
		{882CB635-1692-4D8D-94B4-CF89B2645878}.Release|x64.Build.0 = Release|x64
		{882CB635-1692-4D8D-94B4-CF89B2645878}.Release|x64.Deploy.0 = Release|x64
		{882CB635-1692-4D8D-94B4-CF89B2645878}.Release|x86.ActiveCfg = Release|x86
		{882CB635-1692-4D8D-94B4-CF89B2645878}.Release|x86.Build.0 = Release|x86
		{882CB635-1692-4D8D-94B4-CF89B2645878}.Release|x86.Deploy.0 = Release|x86
		{4CC8AFEB-31FB-4BD3-BD7A-9B4553539838}.Debug|Any CPU.ActiveCfg = Debug|Any CPU
		{4CC8AFEB-31FB-4BD3-BD7A-9B4553539838}.Debug|Any CPU.Build.0 = Debug|Any CPU
		{4CC8AFEB-31FB-4BD3-BD7A-9B4553539838}.Debug|Any CPU.Deploy.0 = Debug|Any CPU
		{4CC8AFEB-31FB-4BD3-BD7A-9B4553539838}.Debug|ARM.ActiveCfg = Debug|Any CPU
		{4CC8AFEB-31FB-4BD3-BD7A-9B4553539838}.Debug|ARM.Build.0 = Debug|Any CPU
		{4CC8AFEB-31FB-4BD3-BD7A-9B4553539838}.Debug|ARM.Deploy.0 = Debug|Any CPU
		{4CC8AFEB-31FB-4BD3-BD7A-9B4553539838}.Debug|iPhone.ActiveCfg = Debug|Any CPU
		{4CC8AFEB-31FB-4BD3-BD7A-9B4553539838}.Debug|iPhone.Build.0 = Debug|Any CPU
		{4CC8AFEB-31FB-4BD3-BD7A-9B4553539838}.Debug|iPhone.Deploy.0 = Debug|Any CPU
		{4CC8AFEB-31FB-4BD3-BD7A-9B4553539838}.Debug|iPhoneSimulator.ActiveCfg = Debug|Any CPU
		{4CC8AFEB-31FB-4BD3-BD7A-9B4553539838}.Debug|iPhoneSimulator.Build.0 = Debug|Any CPU
		{4CC8AFEB-31FB-4BD3-BD7A-9B4553539838}.Debug|iPhoneSimulator.Deploy.0 = Debug|Any CPU
		{4CC8AFEB-31FB-4BD3-BD7A-9B4553539838}.Debug|x64.ActiveCfg = Debug|Any CPU
		{4CC8AFEB-31FB-4BD3-BD7A-9B4553539838}.Debug|x64.Build.0 = Debug|Any CPU
		{4CC8AFEB-31FB-4BD3-BD7A-9B4553539838}.Debug|x64.Deploy.0 = Debug|Any CPU
		{4CC8AFEB-31FB-4BD3-BD7A-9B4553539838}.Debug|x86.ActiveCfg = Debug|Any CPU
		{4CC8AFEB-31FB-4BD3-BD7A-9B4553539838}.Debug|x86.Build.0 = Debug|Any CPU
		{4CC8AFEB-31FB-4BD3-BD7A-9B4553539838}.Debug|x86.Deploy.0 = Debug|Any CPU
		{4CC8AFEB-31FB-4BD3-BD7A-9B4553539838}.Release|Any CPU.ActiveCfg = Release|Any CPU
		{4CC8AFEB-31FB-4BD3-BD7A-9B4553539838}.Release|Any CPU.Build.0 = Release|Any CPU
		{4CC8AFEB-31FB-4BD3-BD7A-9B4553539838}.Release|Any CPU.Deploy.0 = Release|Any CPU
		{4CC8AFEB-31FB-4BD3-BD7A-9B4553539838}.Release|ARM.ActiveCfg = Release|Any CPU
		{4CC8AFEB-31FB-4BD3-BD7A-9B4553539838}.Release|ARM.Build.0 = Release|Any CPU
		{4CC8AFEB-31FB-4BD3-BD7A-9B4553539838}.Release|ARM.Deploy.0 = Release|Any CPU
		{4CC8AFEB-31FB-4BD3-BD7A-9B4553539838}.Release|iPhone.ActiveCfg = Release|Any CPU
		{4CC8AFEB-31FB-4BD3-BD7A-9B4553539838}.Release|iPhone.Build.0 = Release|Any CPU
		{4CC8AFEB-31FB-4BD3-BD7A-9B4553539838}.Release|iPhone.Deploy.0 = Release|Any CPU
		{4CC8AFEB-31FB-4BD3-BD7A-9B4553539838}.Release|iPhoneSimulator.ActiveCfg = Release|Any CPU
		{4CC8AFEB-31FB-4BD3-BD7A-9B4553539838}.Release|iPhoneSimulator.Build.0 = Release|Any CPU
		{4CC8AFEB-31FB-4BD3-BD7A-9B4553539838}.Release|iPhoneSimulator.Deploy.0 = Release|Any CPU
		{4CC8AFEB-31FB-4BD3-BD7A-9B4553539838}.Release|x64.ActiveCfg = Release|Any CPU
		{4CC8AFEB-31FB-4BD3-BD7A-9B4553539838}.Release|x64.Build.0 = Release|Any CPU
		{4CC8AFEB-31FB-4BD3-BD7A-9B4553539838}.Release|x64.Deploy.0 = Release|Any CPU
		{4CC8AFEB-31FB-4BD3-BD7A-9B4553539838}.Release|x86.ActiveCfg = Release|Any CPU
		{4CC8AFEB-31FB-4BD3-BD7A-9B4553539838}.Release|x86.Build.0 = Release|Any CPU
		{4CC8AFEB-31FB-4BD3-BD7A-9B4553539838}.Release|x86.Deploy.0 = Release|Any CPU
		{D95FE748-6B0D-4E91-9398-0F7676D04E2B}.Debug|Any CPU.ActiveCfg = Debug|iPhone
		{D95FE748-6B0D-4E91-9398-0F7676D04E2B}.Debug|Any CPU.Build.0 = Debug|iPhone
		{D95FE748-6B0D-4E91-9398-0F7676D04E2B}.Debug|Any CPU.Deploy.0 = Debug|iPhone
		{D95FE748-6B0D-4E91-9398-0F7676D04E2B}.Debug|ARM.ActiveCfg = Debug|iPhoneSimulator
		{D95FE748-6B0D-4E91-9398-0F7676D04E2B}.Debug|ARM.Build.0 = Debug|iPhoneSimulator
		{D95FE748-6B0D-4E91-9398-0F7676D04E2B}.Debug|ARM.Deploy.0 = Debug|iPhoneSimulator
		{D95FE748-6B0D-4E91-9398-0F7676D04E2B}.Debug|iPhone.ActiveCfg = Debug|iPhone
		{D95FE748-6B0D-4E91-9398-0F7676D04E2B}.Debug|iPhone.Build.0 = Debug|iPhone
		{D95FE748-6B0D-4E91-9398-0F7676D04E2B}.Debug|iPhone.Deploy.0 = Debug|iPhone
		{D95FE748-6B0D-4E91-9398-0F7676D04E2B}.Debug|iPhoneSimulator.ActiveCfg = Debug|iPhoneSimulator
		{D95FE748-6B0D-4E91-9398-0F7676D04E2B}.Debug|iPhoneSimulator.Build.0 = Debug|iPhoneSimulator
		{D95FE748-6B0D-4E91-9398-0F7676D04E2B}.Debug|iPhoneSimulator.Deploy.0 = Debug|iPhoneSimulator
		{D95FE748-6B0D-4E91-9398-0F7676D04E2B}.Debug|x64.ActiveCfg = Debug|iPhone
		{D95FE748-6B0D-4E91-9398-0F7676D04E2B}.Debug|x64.Build.0 = Debug|iPhone
		{D95FE748-6B0D-4E91-9398-0F7676D04E2B}.Debug|x64.Deploy.0 = Debug|iPhone
		{D95FE748-6B0D-4E91-9398-0F7676D04E2B}.Debug|x86.ActiveCfg = Debug|iPhone
		{D95FE748-6B0D-4E91-9398-0F7676D04E2B}.Debug|x86.Build.0 = Debug|iPhone
		{D95FE748-6B0D-4E91-9398-0F7676D04E2B}.Debug|x86.Deploy.0 = Debug|iPhone
		{D95FE748-6B0D-4E91-9398-0F7676D04E2B}.Release|Any CPU.ActiveCfg = Release|iPhone
		{D95FE748-6B0D-4E91-9398-0F7676D04E2B}.Release|Any CPU.Build.0 = Release|iPhone
		{D95FE748-6B0D-4E91-9398-0F7676D04E2B}.Release|Any CPU.Deploy.0 = Release|iPhone
		{D95FE748-6B0D-4E91-9398-0F7676D04E2B}.Release|ARM.ActiveCfg = Release|iPhone
		{D95FE748-6B0D-4E91-9398-0F7676D04E2B}.Release|ARM.Build.0 = Release|iPhone
		{D95FE748-6B0D-4E91-9398-0F7676D04E2B}.Release|ARM.Deploy.0 = Release|iPhone
		{D95FE748-6B0D-4E91-9398-0F7676D04E2B}.Release|iPhone.ActiveCfg = Release|iPhone
		{D95FE748-6B0D-4E91-9398-0F7676D04E2B}.Release|iPhone.Build.0 = Release|iPhone
		{D95FE748-6B0D-4E91-9398-0F7676D04E2B}.Release|iPhone.Deploy.0 = Release|iPhone
		{D95FE748-6B0D-4E91-9398-0F7676D04E2B}.Release|iPhoneSimulator.ActiveCfg = Release|iPhoneSimulator
		{D95FE748-6B0D-4E91-9398-0F7676D04E2B}.Release|iPhoneSimulator.Build.0 = Release|iPhoneSimulator
		{D95FE748-6B0D-4E91-9398-0F7676D04E2B}.Release|iPhoneSimulator.Deploy.0 = Release|iPhoneSimulator
		{D95FE748-6B0D-4E91-9398-0F7676D04E2B}.Release|x64.ActiveCfg = Release|iPhone
		{D95FE748-6B0D-4E91-9398-0F7676D04E2B}.Release|x64.Build.0 = Release|iPhone
		{D95FE748-6B0D-4E91-9398-0F7676D04E2B}.Release|x64.Deploy.0 = Release|iPhone
		{D95FE748-6B0D-4E91-9398-0F7676D04E2B}.Release|x86.ActiveCfg = Release|iPhone
		{D95FE748-6B0D-4E91-9398-0F7676D04E2B}.Release|x86.Build.0 = Release|iPhone
		{D95FE748-6B0D-4E91-9398-0F7676D04E2B}.Release|x86.Deploy.0 = Release|iPhone
		{3BF30778-C6EC-46B5-93F5-7807FB3D1A8B}.Debug|Any CPU.ActiveCfg = Debug|Any CPU
		{3BF30778-C6EC-46B5-93F5-7807FB3D1A8B}.Debug|Any CPU.Build.0 = Debug|Any CPU
		{3BF30778-C6EC-46B5-93F5-7807FB3D1A8B}.Debug|Any CPU.Deploy.0 = Debug|Any CPU
		{3BF30778-C6EC-46B5-93F5-7807FB3D1A8B}.Debug|ARM.ActiveCfg = Debug|Any CPU
		{3BF30778-C6EC-46B5-93F5-7807FB3D1A8B}.Debug|ARM.Build.0 = Debug|Any CPU
		{3BF30778-C6EC-46B5-93F5-7807FB3D1A8B}.Debug|ARM.Deploy.0 = Debug|Any CPU
		{3BF30778-C6EC-46B5-93F5-7807FB3D1A8B}.Debug|iPhone.ActiveCfg = Debug|Any CPU
		{3BF30778-C6EC-46B5-93F5-7807FB3D1A8B}.Debug|iPhone.Build.0 = Debug|Any CPU
		{3BF30778-C6EC-46B5-93F5-7807FB3D1A8B}.Debug|iPhone.Deploy.0 = Debug|Any CPU
		{3BF30778-C6EC-46B5-93F5-7807FB3D1A8B}.Debug|iPhoneSimulator.ActiveCfg = Debug|Any CPU
		{3BF30778-C6EC-46B5-93F5-7807FB3D1A8B}.Debug|iPhoneSimulator.Build.0 = Debug|Any CPU
		{3BF30778-C6EC-46B5-93F5-7807FB3D1A8B}.Debug|iPhoneSimulator.Deploy.0 = Debug|Any CPU
		{3BF30778-C6EC-46B5-93F5-7807FB3D1A8B}.Debug|x64.ActiveCfg = Debug|Any CPU
		{3BF30778-C6EC-46B5-93F5-7807FB3D1A8B}.Debug|x64.Build.0 = Debug|Any CPU
		{3BF30778-C6EC-46B5-93F5-7807FB3D1A8B}.Debug|x64.Deploy.0 = Debug|Any CPU
		{3BF30778-C6EC-46B5-93F5-7807FB3D1A8B}.Debug|x86.ActiveCfg = Debug|Any CPU
		{3BF30778-C6EC-46B5-93F5-7807FB3D1A8B}.Debug|x86.Build.0 = Debug|Any CPU
		{3BF30778-C6EC-46B5-93F5-7807FB3D1A8B}.Debug|x86.Deploy.0 = Debug|Any CPU
		{3BF30778-C6EC-46B5-93F5-7807FB3D1A8B}.Release|Any CPU.ActiveCfg = Release|Any CPU
		{3BF30778-C6EC-46B5-93F5-7807FB3D1A8B}.Release|Any CPU.Build.0 = Release|Any CPU
		{3BF30778-C6EC-46B5-93F5-7807FB3D1A8B}.Release|Any CPU.Deploy.0 = Release|Any CPU
		{3BF30778-C6EC-46B5-93F5-7807FB3D1A8B}.Release|ARM.ActiveCfg = Release|Any CPU
		{3BF30778-C6EC-46B5-93F5-7807FB3D1A8B}.Release|ARM.Build.0 = Release|Any CPU
		{3BF30778-C6EC-46B5-93F5-7807FB3D1A8B}.Release|ARM.Deploy.0 = Release|Any CPU
		{3BF30778-C6EC-46B5-93F5-7807FB3D1A8B}.Release|iPhone.ActiveCfg = Release|Any CPU
		{3BF30778-C6EC-46B5-93F5-7807FB3D1A8B}.Release|iPhone.Build.0 = Release|Any CPU
		{3BF30778-C6EC-46B5-93F5-7807FB3D1A8B}.Release|iPhone.Deploy.0 = Release|Any CPU
		{3BF30778-C6EC-46B5-93F5-7807FB3D1A8B}.Release|iPhoneSimulator.ActiveCfg = Release|Any CPU
		{3BF30778-C6EC-46B5-93F5-7807FB3D1A8B}.Release|iPhoneSimulator.Build.0 = Release|Any CPU
		{3BF30778-C6EC-46B5-93F5-7807FB3D1A8B}.Release|iPhoneSimulator.Deploy.0 = Release|Any CPU
		{3BF30778-C6EC-46B5-93F5-7807FB3D1A8B}.Release|x64.ActiveCfg = Release|Any CPU
		{3BF30778-C6EC-46B5-93F5-7807FB3D1A8B}.Release|x64.Build.0 = Release|Any CPU
		{3BF30778-C6EC-46B5-93F5-7807FB3D1A8B}.Release|x64.Deploy.0 = Release|Any CPU
		{3BF30778-C6EC-46B5-93F5-7807FB3D1A8B}.Release|x86.ActiveCfg = Release|Any CPU
		{3BF30778-C6EC-46B5-93F5-7807FB3D1A8B}.Release|x86.Build.0 = Release|Any CPU
		{3BF30778-C6EC-46B5-93F5-7807FB3D1A8B}.Release|x86.Deploy.0 = Release|Any CPU
	EndGlobalSection
	GlobalSection(SolutionProperties) = preSolution
		HideSolutionNode = FALSE
	EndGlobalSection
	GlobalSection(ExtensibilityGlobals) = postSolution
		SolutionGuid = {F8AF1656-12E9-4055-8560-92FB93DB9ECE}
	EndGlobalSection
EndGlobal
